
Microsoft Visual Studio Solution File, Format Version 12.00
# Visual Studio Version 17
VisualStudioVersion = 17.6.33723.286
MinimumVisualStudioVersion = 10.0.40219.1
Project("{FAE04EC0-301F-11D3-BF4B-00C04F79EFBC}") = "ProShots", "ProShots.csproj", "{48ABE8E5-6A1A-48E2-84DE-7098CAED7032}"
EndProject
Global
	GlobalSection(SolutionConfigurationPlatforms) = preSolution
		Debug|Any CPU = Debug|Any CPU
		Release|Any CPU = Release|Any CPU
	EndGlobalSection
	GlobalSection(ProjectConfigurationPlatforms) = postSolution
		{48ABE8E5-6A1A-48E2-84DE-7098CAED7032}.Debug|Any CPU.ActiveCfg = Debug|Any CPU
		{48ABE8E5-6A1A-48E2-84DE-7098CAED7032}.Debug|Any CPU.Build.0 = Debug|Any CPU
		{48ABE8E5-6A1A-48E2-84DE-7098CAED7032}.Release|Any CPU.ActiveCfg = Release|Any CPU
		{48ABE8E5-6A1A-48E2-84DE-7098CAED7032}.Release|Any CPU.Build.0 = Release|Any CPU
	EndGlobalSection
	GlobalSection(SolutionProperties) = preSolution
		HideSolutionNode = FALSE
	EndGlobalSection
	GlobalSection(ExtensibilityGlobals) = postSolution
		SolutionGuid = {34745584-60EE-49D8-915F-B67B500FD580}
	EndGlobalSection
EndGlobal
